
Microsoft Visual Studio Solution File, Format Version 12.00
# Visual Studio Version 16
VisualStudioVersion = 16.0.30717.126
MinimumVisualStudioVersion = 10.0.40219.1
Project("{FAE04EC0-301F-11D3-BF4B-00C04F79EFBC}") = "SallesCoreMvc", "SallesCoreMvc.csproj", "{C367EED9-A99D-44D4-9D3C-A238D27B7F86}"
EndProject
Global
	GlobalSection(SolutionConfigurationPlatforms) = preSolution
		Debug|Any CPU = Debug|Any CPU
		Release|Any CPU = Release|Any CPU
	EndGlobalSection
	GlobalSection(ProjectConfigurationPlatforms) = postSolution
		{C367EED9-A99D-44D4-9D3C-A238D27B7F86}.Debug|Any CPU.ActiveCfg = Debug|Any CPU
		{C367EED9-A99D-44D4-9D3C-A238D27B7F86}.Debug|Any CPU.Build.0 = Debug|Any CPU
		{C367EED9-A99D-44D4-9D3C-A238D27B7F86}.Release|Any CPU.ActiveCfg = Release|Any CPU
		{C367EED9-A99D-44D4-9D3C-A238D27B7F86}.Release|Any CPU.Build.0 = Release|Any CPU
	EndGlobalSection
	GlobalSection(SolutionProperties) = preSolution
		HideSolutionNode = FALSE
	EndGlobalSection
	GlobalSection(ExtensibilityGlobals) = postSolution
		SolutionGuid = {4BCE7B15-D5F3-43D3-B954-F2304A69667F}
	EndGlobalSection
EndGlobal
